dependencies:
- name: mlflow
  repository: oci://registry-1.docker.io/bitnamicharts
  version: 0.11.0
- name: minio
  repository: oci://registry-1.docker.io/bitnamicharts
  version: 14.6.0
- name: flyte-binary
  repository: https://flyteorg.github.io/flyte
  version: v1.10.6
- name: kuberay-operator
  repository: https://ray-project.github.io/kuberay-helm/
  version: 1.0.0-rc.0
- name: kube-prometheus-stack
  repository: https://prometheus-community.github.io/helm-charts
  version: 48.2.1
digest: sha256:a89959804b2e486b58ab792d9fa44b13e734756d68e0dff5ece922bee4bf4f4d
generated: "2024-06-27T08:24:50.387340027+02:00"
