dependencies:
- name: mlflow
  repository: oci://registry-1.docker.io/bitnamicharts
  version: 0.11.0
- name: minio
  repository: oci://registry-1.docker.io/bitnamicharts
  version: 14.6.0
- name: flyte-binary
  repository: https://flyteorg.github.io/flyte
  version: v1.10.6
- name: kuberay-operator
  repository: https://ray-project.github.io/kuberay-helm/
  version: 1.0.0-rc.0
- name: kube-prometheus-stack
  repository: https://prometheus-community.github.io/helm-charts
  version: 48.2.1
digest: sha256:4bfd9d8f8583cc395c21458945856df407300dbd2c18fa8965da4c702d5345ef
generated: "2024-06-28T12:56:38.754566806+02:00"
