dependencies:
- name: mlflow
  repository: oci://registry-1.docker.io/bitnamicharts
  version: 5.1.17
- name: minio
  repository: oci://registry-1.docker.io/bitnamicharts
  version: 17.0.21
- name: flyte-binary
  repository: https://helm.flyte.org
  version: v1.16.4
- name: kuberay-operator
  repository: https://ray-project.github.io/kuberay-helm/
  version: 1.5.1
- name: kube-prometheus-stack
  repository: https://prometheus-community.github.io/helm-charts
  version: 76.4.1
digest: sha256:364f4a0240959df665d8816298c50f2a7e3d0a7b7580680df5be00f31102532d
generated: "2026-02-24T13:07:46.415802601+01:00"
